// !$*UTF8*$!
{
	archiveVersion = 1;
	classes = {
	};
	objectVersion = 50;
	objects = {

/* Begin PBXBuildFile section */
		4961A23C2121C31E00A95F42 /* AppDelegate.swift in Sources */ = {isa = PBXBuildFile; fileRef = 4961A23B2121C31E00A95F42 /* AppDelegate.swift */; };
		4961A23E2121C31E00A95F42 /* ViewController.swift in Sources */ = {isa = PBXBuildFile; fileRef = 4961A23D2121C31E00A95F42 /* ViewController.swift */; };
		4961A2412121C31E00A95F42 /* Main.storyboard in Resources */ = {isa = PBXBuildFile; fileRef = 4961A23F2121C31E00A95F42 /* Main.storyboard */; };
		4961A2432121C32000A95F42 /* Assets.xcassets in Resources */ = {isa = PBXBuildFile; fileRef = 4961A2422121C32000A95F42 /* Assets.xcassets */; };
		4961A2462121C32000A95F42 /* LaunchScreen.storyboard in Resources */ = {isa = PBXBuildFile; fileRef = 4961A2442121C32000A95F42 /* LaunchScreen.storyboard */; };
		4961A26E2121C73300A95F42 /* EmpaticaAPIProtocol.swift in Sources */ = {isa = PBXBuildFile; fileRef = 4961A26A2121C73300A95F42 /* EmpaticaAPIProtocol.swift */; };
		4961A2702121C73300A95F42 /* EmpaticaService.swift in Sources */ = {isa = PBXBuildFile; fileRef = 4961A26D2121C73300A95F42 /* EmpaticaService.swift */; };
		4961A2732121C9F500A95F42 /* Caregiver.swift in Sources */ = {isa = PBXBuildFile; fileRef = 4961A2722121C9F500A95F42 /* Caregiver.swift */; };
		4961A2752121CBC900A95F42 /* EmpaticaServiceTests.swift in Sources */ = {isa = PBXBuildFile; fileRef = 4961A2742121CBC900A95F42 /* EmpaticaServiceTests.swift */; };
		4961A27B2121D56000A95F42 /* CaregiversViewModel.swift in Sources */ = {isa = PBXBuildFile; fileRef = 4961A2792121D4EA00A95F42 /* CaregiversViewModel.swift */; };
		4961A27F2121D7B300A95F42 /* DataManager.swift in Sources */ = {isa = PBXBuildFile; fileRef = 4961A27D2121D79D00A95F42 /* DataManager.swift */; };
		4961A2812121D7E400A95F42 /* DataManagerProtocol.swift in Sources */ = {isa = PBXBuildFile; fileRef = 4961A2802121D7E400A95F42 /* DataManagerProtocol.swift */; };
		4961A28A2121DF0100A95F42 /* CaregiversViewModelTests.swift in Sources */ = {isa = PBXBuildFile; fileRef = 4961A2892121DF0100A95F42 /* CaregiversViewModelTests.swift */; };
		4961A28C2121DFB300A95F42 /* EmpaticaAPI.swift in Sources */ = {isa = PBXBuildFile; fileRef = 4961A28B2121DFB300A95F42 /* EmpaticaAPI.swift */; };
		4961A28E2121E4B600A95F42 /* DataManagerProtocolTests.swift in Sources */ = {isa = PBXBuildFile; fileRef = 4961A28D2121E4B600A95F42 /* DataManagerProtocolTests.swift */; };
		496B79142122C644006280B5 /* Storage.swift in Sources */ = {isa = PBXBuildFile; fileRef = 496B79132122C644006280B5 /* Storage.swift */; };
		E3F6695881906AC17750AA0B /* Pods_CaregiverScheduler.framework in Frameworks */ = {isa = PBXBuildFile; fileRef = A8FCCEB48806EDEF3F9F5F8A /* Pods_CaregiverScheduler.framework */; };
		FA7015C84F7CFFC9D9E0B445 /* Pods_CaregiverSchedulerTests.framework in Frameworks */ = {isa = PBXBuildFile; fileRef = 17065AEF45E39FBAE5A0A22D /* Pods_CaregiverSchedulerTests.framework */; };
/* End PBXBuildFile section */

/* Begin PBXContainerItemProxy section */
		4961A24D2121C32000A95F42 /* PBXContainerItemProxy */ = {
			isa = PBXContainerItemProxy;
			containerPortal = 4961A2302121C31E00A95F42 /* Project object */;
			proxyType = 1;
			remoteGlobalIDString = 4961A2372121C31E00A95F42;
			remoteInfo = CaregiverScheduler;
		};
/* End PBXContainerItemProxy section */

/* Begin PBXFileReference section */
		17065AEF45E39FBAE5A0A22D /* Pods_CaregiverSchedulerTests.framework */ = {isa = PBXFileReference; explicitFileType = wrapper.framework; includeInIndex = 0; path = Pods_CaregiverSchedulerTests.framework; sourceTree = BUILT_PRODUCTS_DIR; };
		2D92F1BD5922CAC817CADC6D /* Pods-CaregiverScheduler.debug.xcconfig */ = {isa = PBXFileReference; includeInIndex = 1; lastKnownFileType = text.xcconfig; name = "Pods-CaregiverScheduler.debug.xcconfig"; path = "Pods/Target Support Files/Pods-CaregiverScheduler/Pods-CaregiverScheduler.debug.xcconfig"; sourceTree = "<group>"; };
		2FD0F180625F7FAA9AB861EE /* Pods-CaregiverSchedulerUITests.release.xcconfig */ = {isa = PBXFileReference; includeInIndex = 1; lastKnownFileType = text.xcconfig; name = "Pods-CaregiverSchedulerUITests.release.xcconfig"; path = "Pods/Target Support Files/Pods-CaregiverSchedulerUITests/Pods-CaregiverSchedulerUITests.release.xcconfig"; sourceTree = "<group>"; };
		37BE0924A8970F37FFB87595 /* Pods-CaregiverSchedulerUITests.debug.xcconfig */ = {isa = PBXFileReference; includeInIndex = 1; lastKnownFileType = text.xcconfig; name = "Pods-CaregiverSchedulerUITests.debug.xcconfig"; path = "Pods/Target Support Files/Pods-CaregiverSchedulerUITests/Pods-CaregiverSchedulerUITests.debug.xcconfig"; sourceTree = "<group>"; };
		4961A2382121C31E00A95F42 /* CaregiverScheduler.app */ = {isa = PBXFileReference; explicitFileType = wrapper.application; includeInIndex = 0; path = CaregiverScheduler.app; sourceTree = BUILT_PRODUCTS_DIR; };
		4961A23B2121C31E00A95F42 /* AppDelegate.swift */ = {isa = PBXFileReference; lastKnownFileType = sourcecode.swift; path = AppDelegate.swift; sourceTree = "<group>"; };
		4961A23D2121C31E00A95F42 /* ViewController.swift */ = {isa = PBXFileReference; lastKnownFileType = sourcecode.swift; path = ViewController.swift; sourceTree = "<group>"; };
		4961A2402121C31E00A95F42 /* Base */ = {isa = PBXFileReference; lastKnownFileType = file.storyboard; name = Base; path = Base.lproj/Main.storyboard; sourceTree = "<group>"; };
		4961A2422121C32000A95F42 /* Assets.xcassets */ = {isa = PBXFileReference; lastKnownFileType = folder.assetcatalog; path = Assets.xcassets; sourceTree = "<group>"; };
		4961A2452121C32000A95F42 /* Base */ = {isa = PBXFileReference; lastKnownFileType = file.storyboard; name = Base; path = Base.lproj/LaunchScreen.storyboard; sourceTree = "<group>"; };
		4961A2472121C32000A95F42 /* Info.plist */ = {isa = PBXFileReference; lastKnownFileType = text.plist.xml; path = Info.plist; sourceTree = "<group>"; };
		4961A24C2121C32000A95F42 /* CaregiverSchedulerTests.xctest */ = {isa = PBXFileReference; explicitFileType = wrapper.cfbundle; includeInIndex = 0; path = CaregiverSchedulerTests.xctest; sourceTree = BUILT_PRODUCTS_DIR; };
		4961A2522121C32000A95F42 /* Info.plist */ = {isa = PBXFileReference; lastKnownFileType = text.plist.xml; path = Info.plist; sourceTree = "<group>"; };
		4961A26A2121C73300A95F42 /* EmpaticaAPIProtocol.swift */ = {isa = PBXFileReference; fileEncoding = 4; lastKnownFileType = sourcecode.swift; path = EmpaticaAPIProtocol.swift; sourceTree = "<group>"; };
		4961A26D2121C73300A95F42 /* EmpaticaService.swift */ = {isa = PBXFileReference; fileEncoding = 4; lastKnownFileType = sourcecode.swift; path = EmpaticaService.swift; sourceTree = "<group>"; };
		4961A2722121C9F500A95F42 /* Caregiver.swift */ = {isa = PBXFileReference; lastKnownFileType = sourcecode.swift; path = Caregiver.swift; sourceTree = "<group>"; };
		4961A2742121CBC900A95F42 /* EmpaticaServiceTests.swift */ = {isa = PBXFileReference; lastKnownFileType = sourcecode.swift; path = EmpaticaServiceTests.swift; sourceTree = "<group>"; };
		4961A2792121D4EA00A95F42 /* CaregiversViewModel.swift */ = {isa = PBXFileReference; lastKnownFileType = sourcecode.swift; path = CaregiversViewModel.swift; sourceTree = "<group>"; };
		4961A27D2121D79D00A95F42 /* DataManager.swift */ = {isa = PBXFileReference; fileEncoding = 4; lastKnownFileType = sourcecode.swift; path = DataManager.swift; sourceTree = "<group>"; };
		4961A2802121D7E400A95F42 /* DataManagerProtocol.swift */ = {isa = PBXFileReference; lastKnownFileType = sourcecode.swift; path = DataManagerProtocol.swift; sourceTree = "<group>"; };
		4961A2892121DF0100A95F42 /* CaregiversViewModelTests.swift */ = {isa = PBXFileReference; lastKnownFileType = sourcecode.swift; path = CaregiversViewModelTests.swift; sourceTree = "<group>"; };
		4961A28B2121DFB300A95F42 /* EmpaticaAPI.swift */ = {isa = PBXFileReference; lastKnownFileType = sourcecode.swift; path = EmpaticaAPI.swift; sourceTree = "<group>"; };
		4961A28D2121E4B600A95F42 /* DataManagerProtocolTests.swift */ = {isa = PBXFileReference; lastKnownFileType = sourcecode.swift; path = DataManagerProtocolTests.swift; sourceTree = "<group>"; };
		496B79132122C644006280B5 /* Storage.swift */ = {isa = PBXFileReference; fileEncoding = 4; lastKnownFileType = sourcecode.swift; path = Storage.swift; sourceTree = "<group>"; };
		871B160A456AE30AD3F7A289 /* Pods-CaregiverSchedulerTests.release.xcconfig */ = {isa = PBXFileReference; includeInIndex = 1; lastKnownFileType = text.xcconfig; name = "Pods-CaregiverSchedulerTests.release.xcconfig"; path = "Pods/Target Support Files/Pods-CaregiverSchedulerTests/Pods-CaregiverSchedulerTests.release.xcconfig"; sourceTree = "<group>"; };
		9951EA1B9704A7702A242754 /* Pods_CaregiverSchedulerUITests.framework */ = {isa = PBXFileReference; explicitFileType = wrapper.framework; includeInIndex = 0; path = Pods_CaregiverSchedulerUITests.framework; sourceTree = BUILT_PRODUCTS_DIR; };
		9F3D3CAB7971E5ED36CF4BEA /* Pods-CaregiverSchedulerTests.debug.xcconfig */ = {isa = PBXFileReference; includeInIndex = 1; lastKnownFileType = text.xcconfig; name = "Pods-CaregiverSchedulerTests.debug.xcconfig"; path = "Pods/Target Support Files/Pods-CaregiverSchedulerTests/Pods-CaregiverSchedulerTests.debug.xcconfig"; sourceTree = "<group>"; };
		A8FCCEB48806EDEF3F9F5F8A /* Pods_CaregiverScheduler.framework */ = {isa = PBXFileReference; explicitFileType = wrapper.framework; includeInIndex = 0; path = Pods_CaregiverScheduler.framework; sourceTree = BUILT_PRODUCTS_DIR; };
		A9490956A33EDF8EE3FDB401 /* Pods-CaregiverScheduler.release.xcconfig */ = {isa = PBXFileReference; includeInIndex = 1; lastKnownFileType = text.xcconfig; name = "Pods-CaregiverScheduler.release.xcconfig"; path = "Pods/Target Support Files/Pods-CaregiverScheduler/Pods-CaregiverScheduler.release.xcconfig"; sourceTree = "<group>"; };
/* End PBXFileReference section */

/* Begin PBXFrameworksBuildPhase section */
		4961A2352121C31E00A95F42 /* Frameworks */ = {
			isa = PBXFrameworksBuildPhase;
			buildActionMask = 2147483647;
			files = (
				E3F6695881906AC17750AA0B /* Pods_CaregiverScheduler.framework in Frameworks */,
			);
			runOnlyForDeploymentPostprocessing = 0;
		};
		4961A2492121C32000A95F42 /* Frameworks */ = {
			isa = PBXFrameworksBuildPhase;
			buildActionMask = 2147483647;
			files = (
				FA7015C84F7CFFC9D9E0B445 /* Pods_CaregiverSchedulerTests.framework in Frameworks */,
			);
			runOnlyForDeploymentPostprocessing = 0;
		};
/* End PBXFrameworksBuildPhase section */

/* Begin PBXGroup section */
		4961A22F2121C31E00A95F42 = {
			isa = PBXGroup;
			children = (
				4961A23A2121C31E00A95F42 /* CaregiverScheduler */,
				4961A24F2121C32000A95F42 /* CaregiverSchedulerTests */,
				4961A2392121C31E00A95F42 /* Products */,
				753A0BBA7FD09B88322CD98B /* Pods */,
				C4D07DC51DB6E10B87C9262F /* Frameworks */,
			);
			sourceTree = "<group>";
		};
		4961A2392121C31E00A95F42 /* Products */ = {
			isa = PBXGroup;
			children = (
				4961A2382121C31E00A95F42 /* CaregiverScheduler.app */,
				4961A24C2121C32000A95F42 /* CaregiverSchedulerTests.xctest */,
			);
			name = Products;
			sourceTree = "<group>";
		};
		4961A23A2121C31E00A95F42 /* CaregiverScheduler */ = {
			isa = PBXGroup;
			children = (
				4961A23B2121C31E00A95F42 /* AppDelegate.swift */,
				4961A23D2121C31E00A95F42 /* ViewController.swift */,
				4961A23F2121C31E00A95F42 /* Main.storyboard */,
				4961A2422121C32000A95F42 /* Assets.xcassets */,
				4961A2442121C32000A95F42 /* LaunchScreen.storyboard */,
				4961A27C2121D79D00A95F42 /* DataSource */,
				4961A2782121D4C400A95F42 /* Modules */,
				4961A2692121C73300A95F42 /* Networking */,
				4961A2712121C9E200A95F42 /* Models */,
				4961A2472121C32000A95F42 /* Info.plist */,
			);
			path = CaregiverScheduler;
			sourceTree = "<group>";
		};
		4961A24F2121C32000A95F42 /* CaregiverSchedulerTests */ = {
			isa = PBXGroup;
			children = (
				496B79182122CD2E006280B5 /* Modules */,
				496B79172122CD21006280B5 /* Data Manager */,
				496B79162122CD16006280B5 /* Networking */,
				4961A2522121C32000A95F42 /* Info.plist */,
			);
			path = CaregiverSchedulerTests;
			sourceTree = "<group>";
		};
		4961A2692121C73300A95F42 /* Networking */ = {
			isa = PBXGroup;
			children = (
				4961A26A2121C73300A95F42 /* EmpaticaAPIProtocol.swift */,
				4961A28B2121DFB300A95F42 /* EmpaticaAPI.swift */,
				4961A26C2121C73300A95F42 /* EmpaticaService */,
			);
			path = Networking;
			sourceTree = "<group>";
		};
		4961A26C2121C73300A95F42 /* EmpaticaService */ = {
			isa = PBXGroup;
			children = (
				4961A26D2121C73300A95F42 /* EmpaticaService.swift */,
			);
			path = EmpaticaService;
			sourceTree = "<group>";
		};
		4961A2712121C9E200A95F42 /* Models */ = {
			isa = PBXGroup;
			children = (
				4961A2722121C9F500A95F42 /* Caregiver.swift */,
			);
			path = Models;
			sourceTree = "<group>";
		};
		4961A2782121D4C400A95F42 /* Modules */ = {
			isa = PBXGroup;
			children = (
				4961A2792121D4EA00A95F42 /* CaregiversViewModel.swift */,
			);
			path = Modules;
			sourceTree = "<group>";
		};
		4961A27C2121D79D00A95F42 /* DataSource */ = {
			isa = PBXGroup;
			children = (
				4961A2802121D7E400A95F42 /* DataManagerProtocol.swift */,
				4961A27D2121D79D00A95F42 /* DataManager.swift */,
				496B79152122CB64006280B5 /* Disk Utilities */,
			);
			path = DataSource;
			sourceTree = "<group>";
		};
		496B79152122CB64006280B5 /* Disk Utilities */ = {
			isa = PBXGroup;
			children = (
				496B79132122C644006280B5 /* Storage.swift */,
			);
			path = "Disk Utilities";
			sourceTree = "<group>";
		};
		496B79162122CD16006280B5 /* Networking */ = {
			isa = PBXGroup;
			children = (
				4961A2742121CBC900A95F42 /* EmpaticaServiceTests.swift */,
			);
			path = Networking;
			sourceTree = "<group>";
		};
		496B79172122CD21006280B5 /* Data Manager */ = {
			isa = PBXGroup;
			children = (
				4961A28D2121E4B600A95F42 /* DataManagerProtocolTests.swift */,
			);
			path = "Data Manager";
			sourceTree = "<group>";
		};
		496B79182122CD2E006280B5 /* Modules */ = {
			isa = PBXGroup;
			children = (
				4961A2892121DF0100A95F42 /* CaregiversViewModelTests.swift */,
			);
			path = Modules;
			sourceTree = "<group>";
		};
		753A0BBA7FD09B88322CD98B /* Pods */ = {
			isa = PBXGroup;
			children = (
				2D92F1BD5922CAC817CADC6D /* Pods-CaregiverScheduler.debug.xcconfig */,
				A9490956A33EDF8EE3FDB401 /* Pods-CaregiverScheduler.release.xcconfig */,
				9F3D3CAB7971E5ED36CF4BEA /* Pods-CaregiverSchedulerTests.debug.xcconfig */,
				871B160A456AE30AD3F7A289 /* Pods-CaregiverSchedulerTests.release.xcconfig */,
				37BE0924A8970F37FFB87595 /* Pods-CaregiverSchedulerUITests.debug.xcconfig */,
				2FD0F180625F7FAA9AB861EE /* Pods-CaregiverSchedulerUITests.release.xcconfig */,
			);
			name = Pods;
			sourceTree = "<group>";
		};
		C4D07DC51DB6E10B87C9262F /* Frameworks */ = {
			isa = PBXGroup;
			children = (
				A8FCCEB48806EDEF3F9F5F8A /* Pods_CaregiverScheduler.framework */,
				17065AEF45E39FBAE5A0A22D /* Pods_CaregiverSchedulerTests.framework */,
				9951EA1B9704A7702A242754 /* Pods_CaregiverSchedulerUITests.framework */,
			);
			name = Frameworks;
			sourceTree = "<group>";
		};
/* End PBXGroup section */

/* Begin PBXNativeTarget section */
		4961A2372121C31E00A95F42 /* CaregiverScheduler */ = {
			isa = PBXNativeTarget;
			buildConfigurationList = 4961A2602121C32000A95F42 /* Build configuration list for PBXNativeTarget "CaregiverScheduler" */;
			buildPhases = (
				24EEC3EF80E31A0DD964D5FB /* [CP] Check Pods Manifest.lock */,
				4961A2342121C31E00A95F42 /* Sources */,
				4961A2352121C31E00A95F42 /* Frameworks */,
				4961A2362121C31E00A95F42 /* Resources */,
				8C79AE20B43F8C4BECF54327 /* [CP] Embed Pods Frameworks */,
			);
			buildRules = (
			);
			dependencies = (
			);
			name = CaregiverScheduler;
			productName = CaregiverScheduler;
			productReference = 4961A2382121C31E00A95F42 /* CaregiverScheduler.app */;
			productType = "com.apple.product-type.application";
		};
		4961A24B2121C32000A95F42 /* CaregiverSchedulerTests */ = {
			isa = PBXNativeTarget;
			buildConfigurationList = 4961A2632121C32000A95F42 /* Build configuration list for PBXNativeTarget "CaregiverSchedulerTests" */;
			buildPhases = (
				7D53CE3689A9AD4E334E80E3 /* [CP] Check Pods Manifest.lock */,
				4961A2482121C32000A95F42 /* Sources */,
				4961A2492121C32000A95F42 /* Frameworks */,
				4961A24A2121C32000A95F42 /* Resources */,
				40E8556E502BFAB2D24C229E /* [CP] Embed Pods Frameworks */,
			);
			buildRules = (
			);
			dependencies = (
				4961A24E2121C32000A95F42 /* PBXTargetDependency */,
			);
			name = CaregiverSchedulerTests;
			productName = CaregiverSchedulerTests;
			productReference = 4961A24C2121C32000A95F42 /* CaregiverSchedulerTests.xctest */;
			productType = "com.apple.product-type.bundle.unit-test";
		};
/* End PBXNativeTarget section */

/* Begin PBXProject section */
		4961A2302121C31E00A95F42 /* Project object */ = {
			isa = PBXProject;
			attributes = {
				LastSwiftUpdateCheck = 0940;
				LastUpgradeCheck = 0940;
				ORGANIZATIONNAME = "Jean Raphael";
				TargetAttributes = {
					4961A2372121C31E00A95F42 = {
						CreatedOnToolsVersion = 9.4;
					};
					4961A24B2121C32000A95F42 = {
						CreatedOnToolsVersion = 9.4;
						TestTargetID = 4961A2372121C31E00A95F42;
					};
				};
			};
			buildConfigurationList = 4961A2332121C31E00A95F42 /* Build configuration list for PBXProject "CaregiverScheduler" */;
			compatibilityVersion = "Xcode 9.3";
			developmentRegion = en;
			hasScannedForEncodings = 0;
			knownRegions = (
				en,
				Base,
			);
			mainGroup = 4961A22F2121C31E00A95F42;
			productRefGroup = 4961A2392121C31E00A95F42 /* Products */;
			projectDirPath = "";
			projectRoot = "";
			targets = (
				4961A2372121C31E00A95F42 /* CaregiverScheduler */,
				4961A24B2121C32000A95F42 /* CaregiverSchedulerTests */,
			);
		};
/* End PBXProject section */

/* Begin PBXResourcesBuildPhase section */
		4961A2362121C31E00A95F42 /* Resources */ = {
			isa = PBXResourcesBuildPhase;
			buildActionMask = 2147483647;
			files = (
				4961A2462121C32000A95F42 /* LaunchScreen.storyboard in Resources */,
				4961A2432121C32000A95F42 /* Assets.xcassets in Resources */,
				4961A2412121C31E00A95F42 /* Main.storyboard in Resources */,
			);
			runOnlyForDeploymentPostprocessing = 0;
		};
		4961A24A2121C32000A95F42 /* Resources */ = {
			isa = PBXResourcesBuildPhase;
			buildActionMask = 2147483647;
			files = (
			);
			runOnlyForDeploymentPostprocessing = 0;
		};
/* End PBXResourcesBuildPhase section */

/* Begin PBXShellScriptBuildPhase section */
		24EEC3EF80E31A0DD964D5FB /* [CP] Check Pods Manifest.lock */ = {
			isa = PBXShellScriptBuildPhase;
			buildActionMask = 2147483647;
			files = (
			);
			inputPaths = (
				"${PODS_PODFILE_DIR_PATH}/Podfile.lock",
				"${PODS_ROOT}/Manifest.lock",
			);
			name = "[CP] Check Pods Manifest.lock";
			outputPaths = (
				"$(DERIVED_FILE_DIR)/Pods-CaregiverScheduler-checkManifestLockResult.txt",
			);
			runOnlyForDeploymentPostprocessing = 0;
			shellPath = /bin/sh;
			shellScript = "diff \"${PODS_PODFILE_DIR_PATH}/Podfile.lock\" \"${PODS_ROOT}/Manifest.lock\" > /dev/null\nif [ $? != 0 ] ; then\n    # print error to STDERR\n    echo \"error: The sandbox is not in sync with the Podfile.lock. Run 'pod install' or update your CocoaPods installation.\" >&2\n    exit 1\nfi\n# This output is used by Xcode 'outputs' to avoid re-running this script phase.\necho \"SUCCESS\" > \"${SCRIPT_OUTPUT_FILE_0}\"\n";
			showEnvVarsInLog = 0;
		};
		40E8556E502BFAB2D24C229E /* [CP] Embed Pods Frameworks */ = {
			isa = PBXShellScriptBuildPhase;
			buildActionMask = 2147483647;
			files = (
			);
			inputPaths = (
				"${SRCROOT}/Pods/Target Support Files/Pods-CaregiverSchedulerTests/Pods-CaregiverSchedulerTests-frameworks.sh",
				"${BUILT_PRODUCTS_DIR}/Alamofire/Alamofire.framework",
				"${BUILT_PRODUCTS_DIR}/Moya/Moya.framework",
				"${BUILT_PRODUCTS_DIR}/Result/Result.framework",
				"${BUILT_PRODUCTS_DIR}/RxSwift/RxSwift.framework",
				"${BUILT_PRODUCTS_DIR}/RxBlocking/RxBlocking.framework",
				"${BUILT_PRODUCTS_DIR}/RxTest/RxTest.framework",
			);
			name = "[CP] Embed Pods Frameworks";
			outputPaths = (
				"${TARGET_BUILD_DIR}/${FRAMEWORKS_FOLDER_PATH}/Alamofire.framework",
				"${TARGET_BUILD_DIR}/${FRAMEWORKS_FOLDER_PATH}/Moya.framework",
				"${TARGET_BUILD_DIR}/${FRAMEWORKS_FOLDER_PATH}/Result.framework",
				"${TARGET_BUILD_DIR}/${FRAMEWORKS_FOLDER_PATH}/RxSwift.framework",
				"${TARGET_BUILD_DIR}/${FRAMEWORKS_FOLDER_PATH}/RxBlocking.framework",
				"${TARGET_BUILD_DIR}/${FRAMEWORKS_FOLDER_PATH}/RxTest.framework",
			);
			runOnlyForDeploymentPostprocessing = 0;
			shellPath = /bin/sh;
			shellScript = "\"${SRCROOT}/Pods/Target Support Files/Pods-CaregiverSchedulerTests/Pods-CaregiverSchedulerTests-frameworks.sh\"\n";
			showEnvVarsInLog = 0;
		};
		7D53CE3689A9AD4E334E80E3 /* [CP] Check Pods Manifest.lock */ = {
			isa = PBXShellScriptBuildPhase;
			buildActionMask = 2147483647;
			files = (
			);
			inputPaths = (
				"${PODS_PODFILE_DIR_PATH}/Podfile.lock",
				"${PODS_ROOT}/Manifest.lock",
			);
			name = "[CP] Check Pods Manifest.lock";
			outputPaths = (
				"$(DERIVED_FILE_DIR)/Pods-CaregiverSchedulerTests-checkManifestLockResult.txt",
			);
			runOnlyForDeploymentPostprocessing = 0;
			shellPath = /bin/sh;
			shellScript = "diff \"${PODS_PODFILE_DIR_PATH}/Podfile.lock\" \"${PODS_ROOT}/Manifest.lock\" > /dev/null\nif [ $? != 0 ] ; then\n    # print error to STDERR\n    echo \"error: The sandbox is not in sync with the Podfile.lock. Run 'pod install' or update your CocoaPods installation.\" >&2\n    exit 1\nfi\n# This output is used by Xcode 'outputs' to avoid re-running this script phase.\necho \"SUCCESS\" > \"${SCRIPT_OUTPUT_FILE_0}\"\n";
			showEnvVarsInLog = 0;
		};
		8C79AE20B43F8C4BECF54327 /* [CP] Embed Pods Frameworks */ = {
			isa = PBXShellScriptBuildPhase;
			buildActionMask = 2147483647;
			files = (
			);
			inputPaths = (
				"${SRCROOT}/Pods/Target Support Files/Pods-CaregiverScheduler/Pods-CaregiverScheduler-frameworks.sh",
				"${BUILT_PRODUCTS_DIR}/Action/Action.framework",
				"${BUILT_PRODUCTS_DIR}/Alamofire/Alamofire.framework",
				"${BUILT_PRODUCTS_DIR}/Differentiator/Differentiator.framework",
				"${BUILT_PRODUCTS_DIR}/Disk/Disk.framework",
				"${BUILT_PRODUCTS_DIR}/Kingfisher/Kingfisher.framework",
				"${BUILT_PRODUCTS_DIR}/Moya/Moya.framework",
				"${BUILT_PRODUCTS_DIR}/Result/Result.framework",
				"${BUILT_PRODUCTS_DIR}/RxCocoa/RxCocoa.framework",
				"${BUILT_PRODUCTS_DIR}/RxDataSources/RxDataSources.framework",
				"${BUILT_PRODUCTS_DIR}/RxSwift/RxSwift.framework",
				"${BUILT_PRODUCTS_DIR}/SwiftSpinner/SwiftSpinner.framework",
			);
			name = "[CP] Embed Pods Frameworks";
			outputPaths = (
				"${TARGET_BUILD_DIR}/${FRAMEWORKS_FOLDER_PATH}/Action.framework",
				"${TARGET_BUILD_DIR}/${FRAMEWORKS_FOLDER_PATH}/Alamofire.framework",
				"${TARGET_BUILD_DIR}/${FRAMEWORKS_FOLDER_PATH}/Differentiator.framework",
				"${TARGET_BUILD_DIR}/${FRAMEWORKS_FOLDER_PATH}/Disk.framework",
				"${TARGET_BUILD_DIR}/${FRAMEWORKS_FOLDER_PATH}/Kingfisher.framework",
				"${TARGET_BUILD_DIR}/${FRAMEWORKS_FOLDER_PATH}/Moya.framework",
				"${TARGET_BUILD_DIR}/${FRAMEWORKS_FOLDER_PATH}/Result.framework",
				"${TARGET_BUILD_DIR}/${FRAMEWORKS_FOLDER_PATH}/RxCocoa.framework",
				"${TARGET_BUILD_DIR}/${FRAMEWORKS_FOLDER_PATH}/RxDataSources.framework",
				"${TARGET_BUILD_DIR}/${FRAMEWORKS_FOLDER_PATH}/RxSwift.framework",
				"${TARGET_BUILD_DIR}/${FRAMEWORKS_FOLDER_PATH}/SwiftSpinner.framework",
			);
			runOnlyForDeploymentPostprocessing = 0;
			shellPath = /bin/sh;
			shellScript = "\"${SRCROOT}/Pods/Target Support Files/Pods-CaregiverScheduler/Pods-CaregiverScheduler-frameworks.sh\"\n";
			showEnvVarsInLog = 0;
		};
/* End PBXShellScriptBuildPhase section */

/* Begin PBXSourcesBuildPhase section */
		4961A2342121C31E00A95F42 /* Sources */ = {
			isa = PBXSourcesBuildPhase;
			buildActionMask = 2147483647;
			files = (
				4961A26E2121C73300A95F42 /* EmpaticaAPIProtocol.swift in Sources */,
				4961A28C2121DFB300A95F42 /* EmpaticaAPI.swift in Sources */,
				4961A27B2121D56000A95F42 /* CaregiversViewModel.swift in Sources */,
				4961A23E2121C31E00A95F42 /* ViewController.swift in Sources */,
				496B79142122C644006280B5 /* Storage.swift in Sources */,
				4961A2812121D7E400A95F42 /* DataManagerProtocol.swift in Sources */,
				4961A27F2121D7B300A95F42 /* DataManager.swift in Sources */,
				4961A2732121C9F500A95F42 /* Caregiver.swift in Sources */,
				4961A2702121C73300A95F42 /* EmpaticaService.swift in Sources */,
				4961A23C2121C31E00A95F42 /* AppDelegate.swift in Sources */,
			);
			runOnlyForDeploymentPostprocessing = 0;
		};
		4961A2482121C32000A95F42 /* Sources */ = {
			isa = PBXSourcesBuildPhase;
			buildActionMask = 2147483647;
			files = (
				4961A2752121CBC900A95F42 /* EmpaticaServiceTests.swift in Sources */,
				4961A28E2121E4B600A95F42 /* DataManagerProtocolTests.swift in Sources */,
				4961A28A2121DF0100A95F42 /* CaregiversViewModelTests.swift in Sources */,
			);
			runOnlyForDeploymentPostprocessing = 0;
		};
/* End PBXSourcesBuildPhase section */

/* Begin PBXTargetDependency section */
		4961A24E2121C32000A95F42 /* PBXTargetDependency */ = {
			isa = PBXTargetDependency;
			target = 4961A2372121C31E00A95F42 /* CaregiverScheduler */;
			targetProxy = 4961A24D2121C32000A95F42 /* PBXContainerItemProxy */;
		};
/* End PBXTargetDependency section */

/* Begin PBXVariantGroup section */
		4961A23F2121C31E00A95F42 /* Main.storyboard */ = {
			isa = PBXVariantGroup;
			children = (
				4961A2402121C31E00A95F42 /* Base */,
			);
			name = Main.storyboard;
			sourceTree = "<group>";
		};
		4961A2442121C32000A95F42 /* LaunchScreen.storyboard */ = {
			isa = PBXVariantGroup;
			children = (
				4961A2452121C32000A95F42 /* Base */,
			);
			name = LaunchScreen.storyboard;
			sourceTree = "<group>";
		};
/* End PBXVariantGroup section */

/* Begin XCBuildConfiguration section */
		4961A25E2121C32000A95F42 /* Debug */ = {
			isa = XCBuildConfiguration;
			buildSettings = {
				ALWAYS_SEARCH_USER_PATHS = NO;
				CLANG_ANALYZER_NONNULL = YES;
				CLANG_ANALYZER_NUMBER_OBJECT_CONVERSION = YES_AGGRESSIVE;
				CLANG_CXX_LANGUAGE_STANDARD = "gnu++14";
				CLANG_CXX_LIBRARY = "libc++";
				CLANG_ENABLE_MODULES = YES;
				CLANG_ENABLE_OBJC_ARC = YES;
				CLANG_ENABLE_OBJC_WEAK = YES;
				CLANG_WARN_BLOCK_CAPTURE_AUTORELEASING = YES;
				CLANG_WARN_BOOL_CONVERSION = YES;
				CLANG_WARN_COMMA = YES;
				CLANG_WARN_CONSTANT_CONVERSION = YES;
				CLANG_WARN_DEPRECATED_OBJC_IMPLEMENTATIONS = YES;
				CLANG_WARN_DIRECT_OBJC_ISA_USAGE = YES_ERROR;
				CLANG_WARN_DOCUMENTATION_COMMENTS = YES;
				CLANG_WARN_EMPTY_BODY = YES;
				CLANG_WARN_ENUM_CONVERSION = YES;
				CLANG_WARN_INFINITE_RECURSION = YES;
				CLANG_WARN_INT_CONVERSION = YES;
				CLANG_WARN_NON_LITERAL_NULL_CONVERSION = YES;
				CLANG_WARN_OBJC_IMPLICIT_RETAIN_SELF = YES;
				CLANG_WARN_OBJC_LITERAL_CONVERSION = YES;
				CLANG_WARN_OBJC_ROOT_CLASS = YES_ERROR;
				CLANG_WARN_RANGE_LOOP_ANALYSIS = YES;
				CLANG_WARN_STRICT_PROTOTYPES = YES;
				CLANG_WARN_SUSPICIOUS_MOVE = YES;
				CLANG_WARN_UNGUARDED_AVAILABILITY = YES_AGGRESSIVE;
				CLANG_WARN_UNREACHABLE_CODE = YES;
				CLANG_WARN__DUPLICATE_METHOD_MATCH = YES;
				CODE_SIGN_IDENTITY = "iPhone Developer";
				COPY_PHASE_STRIP = NO;
				DEBUG_INFORMATION_FORMAT = dwarf;
				ENABLE_STRICT_OBJC_MSGSEND = YES;
				ENABLE_TESTABILITY = YES;
				GCC_C_LANGUAGE_STANDARD = gnu11;
				GCC_DYNAMIC_NO_PIC = NO;
				GCC_NO_COMMON_BLOCKS = YES;
				GCC_OPTIMIZATION_LEVEL = 0;
				GCC_PREPROCESSOR_DEFINITIONS = (
					"DEBUG=1",
					"$(inherited)",
				);
				GCC_WARN_64_TO_32_BIT_CONVERSION = YES;
				GCC_WARN_ABOUT_RETURN_TYPE = YES_ERROR;
				GCC_WARN_UNDECLARED_SELECTOR = YES;
				GCC_WARN_UNINITIALIZED_AUTOS = YES_AGGRESSIVE;
				GCC_WARN_UNUSED_FUNCTION = YES;
				GCC_WARN_UNUSED_VARIABLE = YES;
				IPHONEOS_DEPLOYMENT_TARGET = 11.4;
				MTL_ENABLE_DEBUG_INFO = YES;
				ONLY_ACTIVE_ARCH = YES;
				SDKROOT = iphoneos;
				SWIFT_ACTIVE_COMPILATION_CONDITIONS = DEBUG;
				SWIFT_OPTIMIZATION_LEVEL = "-Onone";
			};
			name = Debug;
		};
		4961A25F2121C32000A95F42 /* Release */ = {
			isa = XCBuildConfiguration;
			buildSettings = {
				ALWAYS_SEARCH_USER_PATHS = NO;
				CLANG_ANALYZER_NONNULL = YES;
				CLANG_ANALYZER_NUMBER_OBJECT_CONVERSION = YES_AGGRESSIVE;
				CLANG_CXX_LANGUAGE_STANDARD = "gnu++14";
				CLANG_CXX_LIBRARY = "libc++";
				CLANG_ENABLE_MODULES = YES;
				CLANG_ENABLE_OBJC_ARC = YES;
				CLANG_ENABLE_OBJC_WEAK = YES;
				CLANG_WARN_BLOCK_CAPTURE_AUTORELEASING = YES;
				CLANG_WARN_BOOL_CONVERSION = YES;
				CLANG_WARN_COMMA = YES;
				CLANG_WARN_CONSTANT_CONVERSION = YES;
				CLANG_WARN_DEPRECATED_OBJC_IMPLEMENTATIONS = YES;
				CLANG_WARN_DIRECT_OBJC_ISA_USAGE = YES_ERROR;
				CLANG_WARN_DOCUMENTATION_COMMENTS = YES;
				CLANG_WARN_EMPTY_BODY = YES;
				CLANG_WARN_ENUM_CONVERSION = YES;
				CLANG_WARN_INFINITE_RECURSION = YES;
				CLANG_WARN_INT_CONVERSION = YES;
				CLANG_WARN_NON_LITERAL_NULL_CONVERSION = YES;
				CLANG_WARN_OBJC_IMPLICIT_RETAIN_SELF = YES;
				CLANG_WARN_OBJC_LITERAL_CONVERSION = YES;
				CLANG_WARN_OBJC_ROOT_CLASS = YES_ERROR;
				CLANG_WARN_RANGE_LOOP_ANALYSIS = YES;
				CLANG_WARN_STRICT_PROTOTYPES = YES;
				CLANG_WARN_SUSPICIOUS_MOVE = YES;
				CLANG_WARN_UNGUARDED_AVAILABILITY = YES_AGGRESSIVE;
				CLANG_WARN_UNREACHABLE_CODE = YES;
				CLANG_WARN__DUPLICATE_METHOD_MATCH = YES;
				CODE_SIGN_IDENTITY = "iPhone Developer";
				COPY_PHASE_STRIP = NO;
				DEBUG_INFORMATION_FORMAT = "dwarf-with-dsym";
				ENABLE_NS_ASSERTIONS = NO;
				ENABLE_STRICT_OBJC_MSGSEND = YES;
				GCC_C_LANGUAGE_STANDARD = gnu11;
				GCC_NO_COMMON_BLOCKS = YES;
				GCC_WARN_64_TO_32_BIT_CONVERSION = YES;
				GCC_WARN_ABOUT_RETURN_TYPE = YES_ERROR;
				GCC_WARN_UNDECLARED_SELECTOR = YES;
				GCC_WARN_UNINITIALIZED_AUTOS = YES_AGGRESSIVE;
				GCC_WARN_UNUSED_FUNCTION = YES;
				GCC_WARN_UNUSED_VARIABLE = YES;
				IPHONEOS_DEPLOYMENT_TARGET = 11.4;
				MTL_ENABLE_DEBUG_INFO = NO;
				SDKROOT = iphoneos;
				SWIFT_COMPILATION_MODE = wholemodule;
				SWIFT_OPTIMIZATION_LEVEL = "-O";
				VALIDATE_PRODUCT = YES;
			};
			name = Release;
		};
		4961A2612121C32000A95F42 /* Debug */ = {
			isa = XCBuildConfiguration;
			baseConfigurationReference = 2D92F1BD5922CAC817CADC6D /* Pods-CaregiverScheduler.debug.xcconfig */;
			buildSettings = {
				ASSETCATALOG_COMPILER_APPICON_NAME = AppIcon;
				CODE_SIGN_STYLE = Automatic;
				DEVELOPMENT_TEAM = XP6P798NUV;
				INFOPLIST_FILE = CaregiverScheduler/Info.plist;
				LD_RUNPATH_SEARCH_PATHS = (
					"$(inherited)",
					"@executable_path/Frameworks",
				);
				PRODUCT_BUNDLE_IDENTIFIER = com.jrbordet.CaregiverScheduler;
				PRODUCT_NAME = "$(TARGET_NAME)";
				SWIFT_VERSION = 4.0;
				TARGETED_DEVICE_FAMILY = "1,2";
			};
			name = Debug;
		};
		4961A2622121C32000A95F42 /* Release */ = {
			isa = XCBuildConfiguration;
			baseConfigurationReference = A9490956A33EDF8EE3FDB401 /* Pods-CaregiverScheduler.release.xcconfig */;
			buildSettings = {
				ASSETCATALOG_COMPILER_APPICON_NAME = AppIcon;
				CODE_SIGN_STYLE = Automatic;
				DEVELOPMENT_TEAM = XP6P798NUV;
				INFOPLIST_FILE = CaregiverScheduler/Info.plist;
				LD_RUNPATH_SEARCH_PATHS = (
					"$(inherited)",
					"@executable_path/Frameworks",
				);
				PRODUCT_BUNDLE_IDENTIFIER = com.jrbordet.CaregiverScheduler;
				PRODUCT_NAME = "$(TARGET_NAME)";
				SWIFT_VERSION = 4.0;
				TARGETED_DEVICE_FAMILY = "1,2";
			};
			name = Release;
		};
		4961A2642121C32000A95F42 /* Debug */ = {
			isa = XCBuildConfiguration;
			baseConfigurationReference = 9F3D3CAB7971E5ED36CF4BEA /* Pods-CaregiverSchedulerTests.debug.xcconfig */;
			buildSettings = {
				ALWAYS_EMBED_SWIFT_STANDARD_LIBRARIES = YES;
				BUNDLE_LOADER = "$(TEST_HOST)";
				CODE_SIGN_STYLE = Automatic;
				DEVELOPMENT_TEAM = XP6P798NUV;
				INFOPLIST_FILE = CaregiverSchedulerTests/Info.plist;
				LD_RUNPATH_SEARCH_PATHS = (
					"$(inherited)",
					"@executable_path/Frameworks",
					"@loader_path/Frameworks",
				);
				PRODUCT_BUNDLE_IDENTIFIER = com.jrbordet.CaregiverSchedulerTests;
				PRODUCT_NAME = "$(TARGET_NAME)";
				SWIFT_VERSION = 4.0;
				TARGETED_DEVICE_FAMILY = "1,2";
				TEST_HOST = "$(BUILT_PRODUCTS_DIR)/CaregiverScheduler.app/CaregiverScheduler";
			};
			name = Debug;
		};
		4961A2652121C32000A95F42 /* Release */ = {
			isa = XCBuildConfiguration;
			baseConfigurationReference = 871B160A456AE30AD3F7A289 /* Pods-CaregiverSchedulerTests.release.xcconfig */;
			buildSettings = {
				ALWAYS_EMBED_SWIFT_STANDARD_LIBRARIES = YES;
				BUNDLE_LOADER = "$(TEST_HOST)";
				CODE_SIGN_STYLE = Automatic;
				DEVELOPMENT_TEAM = XP6P798NUV;
				INFOPLIST_FILE = CaregiverSchedulerTests/Info.plist;
				LD_RUNPATH_SEARCH_PATHS = (
					"$(inherited)",
					"@executable_path/Frameworks",
					"@loader_path/Frameworks",
				);
				PRODUCT_BUNDLE_IDENTIFIER = com.jrbordet.CaregiverSchedulerTests;
				PRODUCT_NAME = "$(TARGET_NAME)";
				SWIFT_VERSION = 4.0;
				TARGETED_DEVICE_FAMILY = "1,2";
				TEST_HOST = "$(BUILT_PRODUCTS_DIR)/CaregiverScheduler.app/CaregiverScheduler";
			};
			name = Release;
		};
/* End XCBuildConfiguration section */

/* Begin XCConfigurationList section */
		4961A2332121C31E00A95F42 /* Build configuration list for PBXProject "CaregiverScheduler" */ = {
			isa = XCConfigurationList;
			buildConfigurations = (
				4961A25E2121C32000A95F42 /* Debug */,
				4961A25F2121C32000A95F42 /* Release */,
			);
			defaultConfigurationIsVisible = 0;
			defaultConfigurationName = Release;
		};
		4961A2602121C32000A95F42 /* Build configuration list for PBXNativeTarget "CaregiverScheduler" */ = {
			isa = XCConfigurationList;
			buildConfigurations = (
				4961A2612121C32000A95F42 /* Debug */,
				4961A2622121C32000A95F42 /* Release */,
			);
			defaultConfigurationIsVisible = 0;
			defaultConfigurationName = Release;
		};
		4961A2632121C32000A95F42 /* Build configuration list for PBXNativeTarget "CaregiverSchedulerTests" */ = {
			isa = XCConfigurationList;
			buildConfigurations = (
				4961A2642121C32000A95F42 /* Debug */,
				4961A2652121C32000A95F42 /* Release */,
			);
			defaultConfigurationIsVisible = 0;
			defaultConfigurationName = Release;
		};
/* End XCConfigurationList section */
	};
	rootObject = 4961A2302121C31E00A95F42 /* Project object */;
}
